
Microsoft Visual Studio Solution File, Format Version 12.00
# Visual Studio Version 16
VisualStudioVersion = 16.0.29403.142
MinimumVisualStudioVersion = 10.0.40219.1
Project("{9A19103F-16F7-4668-BE54-9A1E7A4F7556}") = "BetSnooker", "Service\BetSnooker.csproj", "{584D48EE-E28D-4F25-964E-F3262790B83A}"
EndProject
Global
	GlobalSection(SolutionConfigurationPlatforms) = preSolution
		Debug|Any CPU = Debug|Any CPU
		Release|Any CPU = Release|Any CPU
	EndGlobalSection
	GlobalSection(ProjectConfigurationPlatforms) = postSolution
		{584D48EE-E28D-4F25-964E-F3262790B83A}.Debug|Any CPU.ActiveCfg = Debug|Any CPU
		{584D48EE-E28D-4F25-964E-F3262790B83A}.Debug|Any CPU.Build.0 = Debug|Any CPU
		{584D48EE-E28D-4F25-964E-F3262790B83A}.Release|Any CPU.ActiveCfg = Release|Any CPU
		{584D48EE-E28D-4F25-964E-F3262790B83A}.Release|Any CPU.Build.0 = Release|Any CPU
	EndGlobalSection
	GlobalSection(SolutionProperties) = preSolution
		HideSolutionNode = FALSE
	EndGlobalSection
	GlobalSection(ExtensibilityGlobals) = postSolution
		SolutionGuid = {D9659A49-8501-4CDE-BA9A-7705A51D1CB4}
	EndGlobalSection
EndGlobal
